
Microsoft Visual Studio Solution File, Format Version 12.00
# Visual Studio Version 17
VisualStudioVersion = 17.10.34804.81
MinimumVisualStudioVersion = 10.0.40219.1
Project("{FAE04EC0-301F-11D3-BF4B-00C04F79EFBC}") = "ST10194124-VuyoNeoMokoatle-Part1", "ST10194124-VuyoNeoMokoatle-Part1\ST10194124-VuyoNeoMokoatle-Part1.csproj", "{C76DBA85-9FF5-48C3-823F-765CCFEF40BC}"
EndProject
Global
	GlobalSection(SolutionConfigurationPlatforms) = preSolution
		Debug|Any CPU = Debug|Any CPU
		Release|Any CPU = Release|Any CPU
	EndGlobalSection
	GlobalSection(ProjectConfigurationPlatforms) = postSolution
		{C76DBA85-9FF5-48C3-823F-765CCFEF40BC}.Debug|Any CPU.ActiveCfg = Debug|Any CPU
		{C76DBA85-9FF5-48C3-823F-765CCFEF40BC}.Debug|Any CPU.Build.0 = Debug|Any CPU
		{C76DBA85-9FF5-48C3-823F-765CCFEF40BC}.Release|Any CPU.ActiveCfg = Release|Any CPU
		{C76DBA85-9FF5-48C3-823F-765CCFEF40BC}.Release|Any CPU.Build.0 = Release|Any CPU
	EndGlobalSection
	GlobalSection(SolutionProperties) = preSolution
		HideSolutionNode = FALSE
	EndGlobalSection
	GlobalSection(ExtensibilityGlobals) = postSolution
		SolutionGuid = {9540ED6B-3EF7-47DD-AEDD-59B1E3355163}
	EndGlobalSection
EndGlobal
